// !$*UTF8*$!
{
	archiveVersion = 1;
	classes = {
	};
	objectVersion = 55;
	objects = {

/* Begin PBXBuildFile section */
		52CAD2CA2764AB9B000544A4 /* UsingAPIsApp.swift in Sources */ = {isa = PBXBuildFile; fileRef = 52CAD2C92764AB9B000544A4 /* UsingAPIsApp.swift */; };
		52CAD2CC2764AB9B000544A4 /* ContentView.swift in Sources */ = {isa = PBXBuildFile; fileRef = 52CAD2CB2764AB9B000544A4 /* ContentView.swift */; };
		52CAD2CE2764AB9D000544A4 /* Assets.xcassets in Resources */ = {isa = PBXBuildFile; fileRef = 52CAD2CD2764AB9D000544A4 /* Assets.xcassets */; };
		52CAD2D12764AB9D000544A4 /* Preview Assets.xcassets in Resources */ = {isa = PBXBuildFile; fileRef = 52CAD2D02764AB9D000544A4 /* Preview Assets.xcassets */; };
		52CAD2D92764AD24000544A4 /* User.swift in Sources */ = {isa = PBXBuildFile; fileRef = 52CAD2D82764AD23000544A4 /* User.swift */; };
		52CAD2DB2764AD90000544A4 /* Video.swift in Sources */ = {isa = PBXBuildFile; fileRef = 52CAD2DA2764AD90000544A4 /* Video.swift */; };
		52CAD2DF2764AE36000544A4 /* VideoCell.swift in Sources */ = {isa = PBXBuildFile; fileRef = 52CAD2DE2764AE36000544A4 /* VideoCell.swift */; };
		52CAD2E12764DD2D000544A4 /* VideoCellViewModel.swift in Sources */ = {isa = PBXBuildFile; fileRef = 52CAD2E02764DD2D000544A4 /* VideoCellViewModel.swift */; };
		52CAD2E42764DE54000544A4 /* VideoListView.swift in Sources */ = {isa = PBXBuildFile; fileRef = 52CAD2E32764DE54000544A4 /* VideoListView.swift */; };
		52CAD2E62764DE73000544A4 /* VideoListViewModel.swift in Sources */ = {isa = PBXBuildFile; fileRef = 52CAD2E52764DE73000544A4 /* VideoListViewModel.swift */; };
/* End PBXBuildFile section */

/* Begin PBXFileReference section */
		52CAD2C62764AB9B000544A4 /* UsingAPIs.app */ = {isa = PBXFileReference; explicitFileType = wrapper.application; includeInIndex = 0; path = UsingAPIs.app; sourceTree = BUILT_PRODUCTS_DIR; };
		52CAD2C92764AB9B000544A4 /* UsingAPIsApp.swift */ = {isa = PBXFileReference; lastKnownFileType = sourcecode.swift; path = UsingAPIsApp.swift; sourceTree = "<group>"; };
		52CAD2CB2764AB9B000544A4 /* ContentView.swift */ = {isa = PBXFileReference; lastKnownFileType = sourcecode.swift; path = ContentView.swift; sourceTree = "<group>"; };
		52CAD2CD2764AB9D000544A4 /* Assets.xcassets */ = {isa = PBXFileReference; lastKnownFileType = folder.assetcatalog; path = Assets.xcassets; sourceTree = "<group>"; };
		52CAD2D02764AB9D000544A4 /* Preview Assets.xcassets */ = {isa = PBXFileReference; lastKnownFileType = folder.assetcatalog; path = "Preview Assets.xcassets"; sourceTree = "<group>"; };
		52CAD2D82764AD23000544A4 /* User.swift */ = {isa = PBXFileReference; lastKnownFileType = sourcecode.swift; path = User.swift; sourceTree = "<group>"; };
		52CAD2DA2764AD90000544A4 /* Video.swift */ = {isa = PBXFileReference; lastKnownFileType = sourcecode.swift; path = Video.swift; sourceTree = "<group>"; };
		52CAD2DE2764AE36000544A4 /* VideoCell.swift */ = {isa = PBXFileReference; lastKnownFileType = sourcecode.swift; path = VideoCell.swift; sourceTree = "<group>"; };
		52CAD2E02764DD2D000544A4 /* VideoCellViewModel.swift */ = {isa = PBXFileReference; lastKnownFileType = sourcecode.swift; path = VideoCellViewModel.swift; sourceTree = "<group>"; };
		52CAD2E32764DE54000544A4 /* VideoListView.swift */ = {isa = PBXFileReference; lastKnownFileType = sourcecode.swift; path = VideoListView.swift; sourceTree = "<group>"; };
		52CAD2E52764DE73000544A4 /* VideoListViewModel.swift */ = {isa = PBXFileReference; lastKnownFileType = sourcecode.swift; path = VideoListViewModel.swift; sourceTree = "<group>"; };
/* End PBXFileReference section */

/* Begin PBXFrameworksBuildPhase section */
		52CAD2C32764AB9B000544A4 /* Frameworks */ = {
			isa = PBXFrameworksBuildPhase;
			buildActionMask = 2147483647;
			files = (
			);
			runOnlyForDeploymentPostprocessing = 0;
		};
/* End PBXFrameworksBuildPhase section */

/* Begin PBXGroup section */
		52CAD2BD2764AB9B000544A4 = {
			isa = PBXGroup;
			children = (
				52CAD2C82764AB9B000544A4 /* UsingAPIs */,
				52CAD2C72764AB9B000544A4 /* Products */,
			);
			sourceTree = "<group>";
		};
		52CAD2C72764AB9B000544A4 /* Products */ = {
			isa = PBXGroup;
			children = (
				52CAD2C62764AB9B000544A4 /* UsingAPIs.app */,
			);
			name = Products;
			sourceTree = "<group>";
		};
		52CAD2C82764AB9B000544A4 /* UsingAPIs */ = {
			isa = PBXGroup;
			children = (
				52CAD2DC2764AD9F000544A4 /* Views */,
				52CAD2D72764AD15000544A4 /* Models */,
				52CAD2C92764AB9B000544A4 /* UsingAPIsApp.swift */,
				52CAD2CB2764AB9B000544A4 /* ContentView.swift */,
				52CAD2CD2764AB9D000544A4 /* Assets.xcassets */,
				52CAD2CF2764AB9D000544A4 /* Preview Content */,
			);
			path = UsingAPIs;
			sourceTree = "<group>";
		};
		52CAD2CF2764AB9D000544A4 /* Preview Content */ = {
			isa = PBXGroup;
			children = (
				52CAD2D02764AB9D000544A4 /* Preview Assets.xcassets */,
			);
			path = "Preview Content";
			sourceTree = "<group>";
		};
		52CAD2D72764AD15000544A4 /* Models */ = {
			isa = PBXGroup;
			children = (
				52CAD2D82764AD23000544A4 /* User.swift */,
				52CAD2DA2764AD90000544A4 /* Video.swift */,
			);
			path = Models;
			sourceTree = "<group>";
		};
		52CAD2DC2764AD9F000544A4 /* Views */ = {
			isa = PBXGroup;
			children = (
				52CAD2E22764DE40000544A4 /* VideoListView */,
				52CAD2DD2764ADDB000544A4 /* VideoCell */,
			);
			path = Views;
			sourceTree = "<group>";
		};
		52CAD2DD2764ADDB000544A4 /* VideoCell */ = {
			isa = PBXGroup;
			children = (
				52CAD2DE2764AE36000544A4 /* VideoCell.swift */,
				52CAD2E02764DD2D000544A4 /* VideoCellViewModel.swift */,
			);
			path = VideoCell;
			sourceTree = "<group>";
		};
		52CAD2E22764DE40000544A4 /* VideoListView */ = {
			isa = PBXGroup;
			children = (
				52CAD2E32764DE54000544A4 /* VideoListView.swift */,
				52CAD2E52764DE73000544A4 /* VideoListViewModel.swift */,
			);
			path = VideoListView;
			sourceTree = "<group>";
		};
/* End PBXGroup section */

/* Begin PBXNativeTarget section */
		52CAD2C52764AB9B000544A4 /* UsingAPIs */ = {
			isa = PBXNativeTarget;
			buildConfigurationList = 52CAD2D42764AB9D000544A4 /* Build configuration list for PBXNativeTarget "UsingAPIs" */;
			buildPhases = (
				52CAD2C22764AB9B000544A4 /* Sources */,
				52CAD2C32764AB9B000544A4 /* Frameworks */,
				52CAD2C42764AB9B000544A4 /* Resources */,
			);
			buildRules = (
			);
			dependencies = (
			);
			name = UsingAPIs;
			productName = UsingAPIs;
			productReference = 52CAD2C62764AB9B000544A4 /* UsingAPIs.app */;
			productType = "com.apple.product-type.application";
		};
/* End PBXNativeTarget section */

/* Begin PBXProject section */
		52CAD2BE2764AB9B000544A4 /* Project object */ = {
			isa = PBXProject;
			attributes = {
				BuildIndependentTargetsInParallel = 1;
				LastSwiftUpdateCheck = 1310;
				LastUpgradeCheck = 1310;
				TargetAttributes = {
					52CAD2C52764AB9B000544A4 = {
						CreatedOnToolsVersion = 13.1;
					};
				};
			};
			buildConfigurationList = 52CAD2C12764AB9B000544A4 /* Build configuration list for PBXProject "UsingAPIs" */;
			compatibilityVersion = "Xcode 13.0";
			developmentRegion = en;
			hasScannedForEncodings = 0;
			knownRegions = (
				en,
				Base,
			);
			mainGroup = 52CAD2BD2764AB9B000544A4;
			productRefGroup = 52CAD2C72764AB9B000544A4 /* Products */;
			projectDirPath = "";
			projectRoot = "";
			targets = (
				52CAD2C52764AB9B000544A4 /* UsingAPIs */,
			);
		};
/* End PBXProject section */

/* Begin PBXResourcesBuildPhase section */
		52CAD2C42764AB9B000544A4 /* Resources */ = {
			isa = PBXResourcesBuildPhase;
			buildActionMask = 2147483647;
			files = (
				52CAD2D12764AB9D000544A4 /* Preview Assets.xcassets in Resources */,
				52CAD2CE2764AB9D000544A4 /* Assets.xcassets in Resources */,
			);
			runOnlyForDeploymentPostprocessing = 0;
		};
/* End PBXResourcesBuildPhase section */

/* Begin PBXSourcesBuildPhase section */
		52CAD2C22764AB9B000544A4 /* Sources */ = {
			isa = PBXSourcesBuildPhase;
			buildActionMask = 2147483647;
			files = (
				52CAD2E12764DD2D000544A4 /* VideoCellViewModel.swift in Sources */,
				52CAD2DF2764AE36000544A4 /* VideoCell.swift in Sources */,
				52CAD2E62764DE73000544A4 /* VideoListViewModel.swift in Sources */,
				52CAD2E42764DE54000544A4 /* VideoListView.swift in Sources */,
				52CAD2CC2764AB9B000544A4 /* ContentView.swift in Sources */,
				52CAD2DB2764AD90000544A4 /* Video.swift in Sources */,
				52CAD2CA2764AB9B000544A4 /* UsingAPIsApp.swift in Sources */,
				52CAD2D92764AD24000544A4 /* User.swift in Sources */,
			);
			runOnlyForDeploymentPostprocessing = 0;
		};
/* End PBXSourcesBuildPhase section */

/* Begin XCBuildConfiguration section */
		52CAD2D22764AB9D000544A4 /* Debug */ = {
			isa = XCBuildConfiguration;
			buildSettings = {
				ALWAYS_SEARCH_USER_PATHS = NO;
				CLANG_ANALYZER_NONNULL = YES;
				CLANG_ANALYZER_NUMBER_OBJECT_CONVERSION = YES_AGGRESSIVE;
				CLANG_CXX_LANGUAGE_STANDARD = "gnu++17";
				CLANG_CXX_LIBRARY = "libc++";
				CLANG_ENABLE_MODULES = YES;
				CLANG_ENABLE_OBJC_ARC = YES;
				CLANG_ENABLE_OBJC_WEAK = YES;
				CLANG_WARN_BLOCK_CAPTURE_AUTORELEASING = YES;
				CLANG_WARN_BOOL_CONVERSION = YES;
				CLANG_WARN_COMMA = YES;
				CLANG_WARN_CONSTANT_CONVERSION = YES;
				CLANG_WARN_DEPRECATED_OBJC_IMPLEMENTATIONS = YES;
				CLANG_WARN_DIRECT_OBJC_ISA_USAGE = YES_ERROR;
				CLANG_WARN_DOCUMENTATION_COMMENTS = YES;
				CLANG_WARN_EMPTY_BODY = YES;
				CLANG_WARN_ENUM_CONVERSION = YES;
				CLANG_WARN_INFINITE_RECURSION = YES;
				CLANG_WARN_INT_CONVERSION = YES;
				CLANG_WARN_NON_LITERAL_NULL_CONVERSION = YES;
				CLANG_WARN_OBJC_IMPLICIT_RETAIN_SELF = YES;
				CLANG_WARN_OBJC_LITERAL_CONVERSION = YES;
				CLANG_WARN_OBJC_ROOT_CLASS = YES_ERROR;
				CLANG_WARN_QUOTED_INCLUDE_IN_FRAMEWORK_HEADER = YES;
				CLANG_WARN_RANGE_LOOP_ANALYSIS = YES;
				CLANG_WARN_STRICT_PROTOTYPES = YES;
				CLANG_WARN_SUSPICIOUS_MOVE = YES;
				CLANG_WARN_UNGUARDED_AVAILABILITY = YES_AGGRESSIVE;
				CLANG_WARN_UNREACHABLE_CODE = YES;
				CLANG_WARN__DUPLICATE_METHOD_MATCH = YES;
				COPY_PHASE_STRIP = NO;
				DEBUG_INFORMATION_FORMAT = dwarf;
				ENABLE_STRICT_OBJC_MSGSEND = YES;
				ENABLE_TESTABILITY = YES;
				GCC_C_LANGUAGE_STANDARD = gnu11;
				GCC_DYNAMIC_NO_PIC = NO;
				GCC_NO_COMMON_BLOCKS = YES;
				GCC_OPTIMIZATION_LEVEL = 0;
				GCC_PREPROCESSOR_DEFINITIONS = (
					"DEBUG=1",
					"$(inherited)",
				);
				GCC_WARN_64_TO_32_BIT_CONVERSION = YES;
				GCC_WARN_ABOUT_RETURN_TYPE = YES_ERROR;
				GCC_WARN_UNDECLARED_SELECTOR = YES;
				GCC_WARN_UNINITIALIZED_AUTOS = YES_AGGRESSIVE;
				GCC_WARN_UNUSED_FUNCTION = YES;
				GCC_WARN_UNUSED_VARIABLE = YES;
				IPHONEOS_DEPLOYMENT_TARGET = 15.0;
				MTL_ENABLE_DEBUG_INFO = INCLUDE_SOURCE;
				MTL_FAST_MATH = YES;
				ONLY_ACTIVE_ARCH = YES;
				SDKROOT = iphoneos;
				SWIFT_ACTIVE_COMPILATION_CONDITIONS = DEBUG;
				SWIFT_OPTIMIZATION_LEVEL = "-Onone";
			};
			name = Debug;
		};
		52CAD2D32764AB9D000544A4 /* Release */ = {
			isa = XCBuildConfiguration;
			buildSettings = {
				ALWAYS_SEARCH_USER_PATHS = NO;
				CLANG_ANALYZER_NONNULL = YES;
				CLANG_ANALYZER_NUMBER_OBJECT_CONVERSION = YES_AGGRESSIVE;
				CLANG_CXX_LANGUAGE_STANDARD = "gnu++17";
				CLANG_CXX_LIBRARY = "libc++";
				CLANG_ENABLE_MODULES = YES;
				CLANG_ENABLE_OBJC_ARC = YES;
				CLANG_ENABLE_OBJC_WEAK = YES;
				CLANG_WARN_BLOCK_CAPTURE_AUTORELEASING = YES;
				CLANG_WARN_BOOL_CONVERSION = YES;
				CLANG_WARN_COMMA = YES;
				CLANG_WARN_CONSTANT_CONVERSION = YES;
				CLANG_WARN_DEPRECATED_OBJC_IMPLEMENTATIONS = YES;
				CLANG_WARN_DIRECT_OBJC_ISA_USAGE = YES_ERROR;
				CLANG_WARN_DOCUMENTATION_COMMENTS = YES;
				CLANG_WARN_EMPTY_BODY = YES;
				CLANG_WARN_ENUM_CONVERSION = YES;
				CLANG_WARN_INFINITE_RECURSION = YES;
				CLANG_WARN_INT_CONVERSION = YES;
				CLANG_WARN_NON_LITERAL_NULL_CONVERSION = YES;
				CLANG_WARN_OBJC_IMPLICIT_RETAIN_SELF = YES;
				CLANG_WARN_OBJC_LITERAL_CONVERSION = YES;
				CLANG_WARN_OBJC_ROOT_CLASS = YES_ERROR;
				CLANG_WARN_QUOTED_INCLUDE_IN_FRAMEWORK_HEADER = YES;
				CLANG_WARN_RANGE_LOOP_ANALYSIS = YES;
				CLANG_WARN_STRICT_PROTOTYPES = YES;
				CLANG_WARN_SUSPICIOUS_MOVE = YES;
				CLANG_WARN_UNGUARDED_AVAILABILITY = YES_AGGRESSIVE;
				CLANG_WARN_UNREACHABLE_CODE = YES;
				CLANG_WARN__DUPLICATE_METHOD_MATCH = YES;
				COPY_PHASE_STRIP = NO;
				DEBUG_INFORMATION_FORMAT = "dwarf-with-dsym";
				ENABLE_NS_ASSERTIONS = NO;
				ENABLE_STRICT_OBJC_MSGSEND = YES;
				GCC_C_LANGUAGE_STANDARD = gnu11;
				GCC_NO_COMMON_BLOCKS = YES;
				GCC_WARN_64_TO_32_BIT_CONVERSION = YES;
				GCC_WARN_ABOUT_RETURN_TYPE = YES_ERROR;
				GCC_WARN_UNDECLARED_SELECTOR = YES;
				GCC_WARN_UNINITIALIZED_AUTOS = YES_AGGRESSIVE;
				GCC_WARN_UNUSED_FUNCTION = YES;
				GCC_WARN_UNUSED_VARIABLE = YES;
				IPHONEOS_DEPLOYMENT_TARGET = 15.0;
				MTL_ENABLE_DEBUG_INFO = NO;
				MTL_FAST_MATH = YES;
				SDKROOT = iphoneos;
				SWIFT_COMPILATION_MODE = wholemodule;
				SWIFT_OPTIMIZATION_LEVEL = "-O";
				VALIDATE_PRODUCT = YES;
			};
			name = Release;
		};
		52CAD2D52764AB9D000544A4 /* Debug */ = {
			isa = XCBuildConfiguration;
			buildSettings = {
				ASSETCATALOG_COMPILER_APPICON_NAME = AppIcon;
				ASSETCATALOG_COMPILER_GLOBAL_ACCENT_COLOR_NAME = AccentColor;
				CODE_SIGN_STYLE = Automatic;
				CURRENT_PROJECT_VERSION = 1;
				DEVELOPMENT_ASSET_PATHS = "\"UsingAPIs/Preview Content\"";
				DEVELOPMENT_TEAM = 9S7963BL6F;
				ENABLE_PREVIEWS = YES;
				GENERATE_INFOPLIST_FILE = YES;
				INFOPLIST_KEY_UIApplicationSceneManifest_Generation = YES;
				INFOPLIST_KEY_UIApplicationSupportsIndirectInputEvents = YES;
				INFOPLIST_KEY_UILaunchScreen_Generation = YES;
				INFOPLIST_KEY_UISupportedInterfaceOrientations_iPad = "UIInterfaceOrientationPortrait UIInterfaceOrientationPortraitUpsideDown UIInterfaceOrientationLandscapeLeft UIInterfaceOrientationLandscapeRight";
				INFOPLIST_KEY_UISupportedInterfaceOrientations_iPhone = "UIInterfaceOrientationPortrait UIInterfaceOrientationLandscapeLeft UIInterfaceOrientationLandscapeRight";
				LD_RUNPATH_SEARCH_PATHS = (
					"$(inherited)",
					"@executable_path/Frameworks",
				);
				MARKETING_VERSION = 1.0;
				PRODUCT_BUNDLE_IDENTIFIER = kirabin.UsingAPIs;
				PRODUCT_NAME = "$(TARGET_NAME)";
				SWIFT_EMIT_LOC_STRINGS = YES;
				SWIFT_VERSION = 5.0;
				TARGETED_DEVICE_FAMILY = "1,2";
			};
			name = Debug;
		};
		52CAD2D62764AB9D000544A4 /* Release */ = {
			isa = XCBuildConfiguration;
			buildSettings = {
				ASSETCATALOG_COMPILER_APPICON_NAME = AppIcon;
				ASSETCATALOG_COMPILER_GLOBAL_ACCENT_COLOR_NAME = AccentColor;
				CODE_SIGN_STYLE = Automatic;
				CURRENT_PROJECT_VERSION = 1;
				DEVELOPMENT_ASSET_PATHS = "\"UsingAPIs/Preview Content\"";
				DEVELOPMENT_TEAM = 9S7963BL6F;
				ENABLE_PREVIEWS = YES;
				GENERATE_INFOPLIST_FILE = YES;
				INFOPLIST_KEY_UIApplicationSceneManifest_Generation = YES;
				INFOPLIST_KEY_UIApplicationSupportsIndirectInputEvents = YES;
				INFOPLIST_KEY_UILaunchScreen_Generation = YES;
				INFOPLIST_KEY_UISupportedInterfaceOrientations_iPad = "UIInterfaceOrientationPortrait UIInterfaceOrientationPortraitUpsideDown UIInterfaceOrientationLandscapeLeft UIInterfaceOrientationLandscapeRight";
				INFOPLIST_KEY_UISupportedInterfaceOrientations_iPhone = "UIInterfaceOrientationPortrait UIInterfaceOrientationLandscapeLeft UIInterfaceOrientationLandscapeRight";
				LD_RUNPATH_SEARCH_PATHS = (
					"$(inherited)",
					"@executable_path/Frameworks",
				);
				MARKETING_VERSION = 1.0;
				PRODUCT_BUNDLE_IDENTIFIER = kirabin.UsingAPIs;
				PRODUCT_NAME = "$(TARGET_NAME)";
				SWIFT_EMIT_LOC_STRINGS = YES;
				SWIFT_VERSION = 5.0;
				TARGETED_DEVICE_FAMILY = "1,2";
			};
			name = Release;
		};
/* End XCBuildConfiguration section */

/* Begin XCConfigurationList section */
		52CAD2C12764AB9B000544A4 /* Build configuration list for PBXProject "UsingAPIs" */ = {
			isa = XCConfigurationList;
			buildConfigurations = (
				52CAD2D22764AB9D000544A4 /* Debug */,
				52CAD2D32764AB9D000544A4 /* Release */,
			);
			defaultConfigurationIsVisible = 0;
			defaultConfigurationName = Release;
		};
		52CAD2D42764AB9D000544A4 /* Build configuration list for PBXNativeTarget "UsingAPIs" */ = {
			isa = XCConfigurationList;
			buildConfigurations = (
				52CAD2D52764AB9D000544A4 /* Debug */,
				52CAD2D62764AB9D000544A4 /* Release */,
			);
			defaultConfigurationIsVisible = 0;
			defaultConfigurationName = Release;
		};
/* End XCConfigurationList section */
	};
	rootObject = 52CAD2BE2764AB9B000544A4 /* Project object */;
}
